// !$*UTF8*$!
{
	archiveVersion = 1;
	classes = {
	};
	objectVersion = 50;
	objects = {

/* Begin PBXBuildFile section */
		0A01F9042A2C15A000082C6C /* AppDelegate.swift in Sources */ = {isa = PBXBuildFile; fileRef = 0A01F9032A2C15A000082C6C /* AppDelegate.swift */; };
		0A01F9062A2C15A000082C6C /* SceneDelegate.swift in Sources */ = {isa = PBXBuildFile; fileRef = 0A01F9052A2C15A000082C6C /* SceneDelegate.swift */; };
		0A01F9082A2C15A000082C6C /* ViewController.swift in Sources */ = {isa = PBXBuildFile; fileRef = 0A01F9072A2C15A000082C6C /* ViewController.swift */; };
		0A01F90B2A2C15A000082C6C /* Main.storyboard in Resources */ = {isa = PBXBuildFile; fileRef = 0A01F9092A2C15A000082C6C /* Main.storyboard */; };
		0A01F90D2A2C15A200082C6C /* Assets.xcassets in Resources */ = {isa = PBXBuildFile; fileRef = 0A01F90C2A2C15A200082C6C /* Assets.xcassets */; };
		0A01F9102A2C15A200082C6C /* LaunchScreen.storyboard in Resources */ = {isa = PBXBuildFile; fileRef = 0A01F90E2A2C15A200082C6C /* LaunchScreen.storyboard */; };
		0A01F9782A2C1D9E00082C6C /* DetailViewController.swift in Sources */ = {isa = PBXBuildFile; fileRef = 0A01F9772A2C1D9E00082C6C /* DetailViewController.swift */; };
		0A01F9F32A2C260000082C6C /* estonia@3x.png in Resources */ = {isa = PBXBuildFile; fileRef = 0A01F9DB2A2C260000082C6C /* estonia@3x.png */; };
		0A01F9F52A2C260000082C6C /* france@3x.png in Resources */ = {isa = PBXBuildFile; fileRef = 0A01F9DD2A2C260000082C6C /* france@3x.png */; };
		0A01F9F72A2C260000082C6C /* germany@3x.png in Resources */ = {isa = PBXBuildFile; fileRef = 0A01F9DF2A2C260000082C6C /* germany@3x.png */; };
		0A01F9F92A2C260000082C6C /* ireland@3x.png in Resources */ = {isa = PBXBuildFile; fileRef = 0A01F9E12A2C260000082C6C /* ireland@3x.png */; };
		0A01F9FB2A2C260000082C6C /* italy@3x.png in Resources */ = {isa = PBXBuildFile; fileRef = 0A01F9E32A2C260000082C6C /* italy@3x.png */; };
		0A01F9FD2A2C260000082C6C /* monaco@3x.png in Resources */ = {isa = PBXBuildFile; fileRef = 0A01F9E52A2C260000082C6C /* monaco@3x.png */; };
		0A01F9FF2A2C260000082C6C /* nigeria@3x.png in Resources */ = {isa = PBXBuildFile; fileRef = 0A01F9E72A2C260000082C6C /* nigeria@3x.png */; };
		0A01FA012A2C260000082C6C /* poland@3x.png in Resources */ = {isa = PBXBuildFile; fileRef = 0A01F9E92A2C260000082C6C /* poland@3x.png */; };
		0A01FA032A2C260000082C6C /* russia@3x.png in Resources */ = {isa = PBXBuildFile; fileRef = 0A01F9EB2A2C260000082C6C /* russia@3x.png */; };
		0A01FA052A2C260000082C6C /* spain@3x.png in Resources */ = {isa = PBXBuildFile; fileRef = 0A01F9ED2A2C260000082C6C /* spain@3x.png */; };
		0A01FA072A2C260000082C6C /* uk@3x.png in Resources */ = {isa = PBXBuildFile; fileRef = 0A01F9EF2A2C260000082C6C /* uk@3x.png */; };
		0A01FA092A2C260000082C6C /* us@3x.png in Resources */ = {isa = PBXBuildFile; fileRef = 0A01F9F12A2C260000082C6C /* us@3x.png */; };
/* End PBXBuildFile section */

/* Begin PBXFileReference section */
		0A01F9002A2C15A000082C6C /* challenge_1.app */ = {isa = PBXFileReference; explicitFileType = wrapper.application; includeInIndex = 0; path = challenge_1.app; sourceTree = BUILT_PRODUCTS_DIR; };
		0A01F9032A2C15A000082C6C /* AppDelegate.swift */ = {isa = PBXFileReference; lastKnownFileType = sourcecode.swift; path = AppDelegate.swift; sourceTree = "<group>"; };
		0A01F9052A2C15A000082C6C /* SceneDelegate.swift */ = {isa = PBXFileReference; lastKnownFileType = sourcecode.swift; path = SceneDelegate.swift; sourceTree = "<group>"; };
		0A01F9072A2C15A000082C6C /* ViewController.swift */ = {isa = PBXFileReference; lastKnownFileType = sourcecode.swift; path = ViewController.swift; sourceTree = "<group>"; };
		0A01F90A2A2C15A000082C6C /* Base */ = {isa = PBXFileReference; lastKnownFileType = file.storyboard; name = Base; path = Base.lproj/Main.storyboard; sourceTree = "<group>"; };
		0A01F90C2A2C15A200082C6C /* Assets.xcassets */ = {isa = PBXFileReference; lastKnownFileType = folder.assetcatalog; path = Assets.xcassets; sourceTree = "<group>"; };
		0A01F90F2A2C15A200082C6C /* Base */ = {isa = PBXFileReference; lastKnownFileType = file.storyboard; name = Base; path = Base.lproj/LaunchScreen.storyboard; sourceTree = "<group>"; };
		0A01F9112A2C15A200082C6C /* Info.plist */ = {isa = PBXFileReference; lastKnownFileType = text.plist.xml; path = Info.plist; sourceTree = "<group>"; };
		0A01F9772A2C1D9E00082C6C /* DetailViewController.swift */ = {isa = PBXFileReference; lastKnownFileType = sourcecode.swift; path = DetailViewController.swift; sourceTree = "<group>"; };
		0A01F9DB2A2C260000082C6C /* estonia@3x.png */ = {isa = PBXFileReference; lastKnownFileType = image.png; path = "estonia@3x.png"; sourceTree = "<group>"; };
		0A01F9DD2A2C260000082C6C /* france@3x.png */ = {isa = PBXFileReference; lastKnownFileType = image.png; path = "france@3x.png"; sourceTree = "<group>"; };
		0A01F9DF2A2C260000082C6C /* germany@3x.png */ = {isa = PBXFileReference; lastKnownFileType = image.png; path = "germany@3x.png"; sourceTree = "<group>"; };
		0A01F9E12A2C260000082C6C /* ireland@3x.png */ = {isa = PBXFileReference; lastKnownFileType = image.png; path = "ireland@3x.png"; sourceTree = "<group>"; };
		0A01F9E32A2C260000082C6C /* italy@3x.png */ = {isa = PBXFileReference; lastKnownFileType = image.png; path = "italy@3x.png"; sourceTree = "<group>"; };
		0A01F9E52A2C260000082C6C /* monaco@3x.png */ = {isa = PBXFileReference; lastKnownFileType = image.png; path = "monaco@3x.png"; sourceTree = "<group>"; };
		0A01F9E72A2C260000082C6C /* nigeria@3x.png */ = {isa = PBXFileReference; lastKnownFileType = image.png; path = "nigeria@3x.png"; sourceTree = "<group>"; };
		0A01F9E92A2C260000082C6C /* poland@3x.png */ = {isa = PBXFileReference; lastKnownFileType = image.png; path = "poland@3x.png"; sourceTree = "<group>"; };
		0A01F9EB2A2C260000082C6C /* russia@3x.png */ = {isa = PBXFileReference; lastKnownFileType = image.png; path = "russia@3x.png"; sourceTree = "<group>"; };
		0A01F9ED2A2C260000082C6C /* spain@3x.png */ = {isa = PBXFileReference; lastKnownFileType = image.png; path = "spain@3x.png"; sourceTree = "<group>"; };
		0A01F9EF2A2C260000082C6C /* uk@3x.png */ = {isa = PBXFileReference; lastKnownFileType = image.png; path = "uk@3x.png"; sourceTree = "<group>"; };
		0A01F9F12A2C260000082C6C /* us@3x.png */ = {isa = PBXFileReference; lastKnownFileType = image.png; path = "us@3x.png"; sourceTree = "<group>"; };
/* End PBXFileReference section */

/* Begin PBXFrameworksBuildPhase section */
		0A01F8FD2A2C15A000082C6C /* Frameworks */ = {
			isa = PBXFrameworksBuildPhase;
			buildActionMask = 2147483647;
			files = (
			);
			runOnlyForDeploymentPostprocessing = 0;
		};
/* End PBXFrameworksBuildPhase section */

/* Begin PBXGroup section */
		0A01F8F72A2C15A000082C6C = {
			isa = PBXGroup;
			children = (
				0A01F9022A2C15A000082C6C /* challenge_1 */,
				0A01F9012A2C15A000082C6C /* Products */,
			);
			sourceTree = "<group>";
		};
		0A01F9012A2C15A000082C6C /* Products */ = {
			isa = PBXGroup;
			children = (
				0A01F9002A2C15A000082C6C /* challenge_1.app */,
			);
			name = Products;
			sourceTree = "<group>";
		};
		0A01F9022A2C15A000082C6C /* challenge_1 */ = {
			isa = PBXGroup;
			children = (
				0A01F9032A2C15A000082C6C /* AppDelegate.swift */,
				0A01F9052A2C15A000082C6C /* SceneDelegate.swift */,
				0A01F9072A2C15A000082C6C /* ViewController.swift */,
				0A01F9772A2C1D9E00082C6C /* DetailViewController.swift */,
				0A01F9092A2C15A000082C6C /* Main.storyboard */,
				0A01F90C2A2C15A200082C6C /* Assets.xcassets */,
				0A01F90E2A2C15A200082C6C /* LaunchScreen.storyboard */,
				0A01F9112A2C15A200082C6C /* Info.plist */,
				0A01F9D92A2C260000082C6C /* project2-files */,
			);
			path = challenge_1;
			sourceTree = "<group>";
		};
		0A01F9D92A2C260000082C6C /* project2-files */ = {
			isa = PBXGroup;
			children = (
				0A01F9DB2A2C260000082C6C /* estonia@3x.png */,
				0A01F9DD2A2C260000082C6C /* france@3x.png */,
				0A01F9DF2A2C260000082C6C /* germany@3x.png */,
				0A01F9E12A2C260000082C6C /* ireland@3x.png */,
				0A01F9E32A2C260000082C6C /* italy@3x.png */,
				0A01F9E52A2C260000082C6C /* monaco@3x.png */,
				0A01F9E72A2C260000082C6C /* nigeria@3x.png */,
				0A01F9E92A2C260000082C6C /* poland@3x.png */,
				0A01F9EB2A2C260000082C6C /* russia@3x.png */,
				0A01F9ED2A2C260000082C6C /* spain@3x.png */,
				0A01F9EF2A2C260000082C6C /* uk@3x.png */,
				0A01F9F12A2C260000082C6C /* us@3x.png */,
			);
			path = "project2-files";
			sourceTree = "<group>";
		};
/* End PBXGroup section */

/* Begin PBXNativeTarget section */
		0A01F8FF2A2C15A000082C6C /* challenge_1 */ = {
			isa = PBXNativeTarget;
			buildConfigurationList = 0A01F9142A2C15A200082C6C /* Build configuration list for PBXNativeTarget "challenge_1" */;
			buildPhases = (
				0A01F8FC2A2C15A000082C6C /* Sources */,
				0A01F8FD2A2C15A000082C6C /* Frameworks */,
				0A01F8FE2A2C15A000082C6C /* Resources */,
			);
			buildRules = (
			);
			dependencies = (
			);
			name = challenge_1;
			productName = challenge_1;
			productReference = 0A01F9002A2C15A000082C6C /* challenge_1.app */;
			productType = "com.apple.product-type.application";
		};
/* End PBXNativeTarget section */

/* Begin PBXProject section */
		0A01F8F82A2C15A000082C6C /* Project object */ = {
			isa = PBXProject;
			attributes = {
				LastSwiftUpdateCheck = 1130;
				LastUpgradeCheck = 1130;
				ORGANIZATIONNAME = "Abdellah Faqir";
				TargetAttributes = {
					0A01F8FF2A2C15A000082C6C = {
						CreatedOnToolsVersion = 11.3.1;
					};
				};
			};
			buildConfigurationList = 0A01F8FB2A2C15A000082C6C /* Build configuration list for PBXProject "challenge_1" */;
			compatibilityVersion = "Xcode 9.3";
			developmentRegion = en;
			hasScannedForEncodings = 0;
			knownRegions = (
				en,
				Base,
			);
			mainGroup = 0A01F8F72A2C15A000082C6C;
			productRefGroup = 0A01F9012A2C15A000082C6C /* Products */;
			projectDirPath = "";
			projectRoot = "";
			targets = (
				0A01F8FF2A2C15A000082C6C /* challenge_1 */,
			);
		};
/* End PBXProject section */

/* Begin PBXResourcesBuildPhase section */
		0A01F8FE2A2C15A000082C6C /* Resources */ = {
			isa = PBXResourcesBuildPhase;
			buildActionMask = 2147483647;
			files = (
				0A01F9FF2A2C260000082C6C /* nigeria@3x.png in Resources */,
				0A01FA032A2C260000082C6C /* russia@3x.png in Resources */,
				0A01FA012A2C260000082C6C /* poland@3x.png in Resources */,
				0A01F9F72A2C260000082C6C /* germany@3x.png in Resources */,
				0A01F9F32A2C260000082C6C /* estonia@3x.png in Resources */,
				0A01F9FD2A2C260000082C6C /* monaco@3x.png in Resources */,
				0A01F9102A2C15A200082C6C /* LaunchScreen.storyboard in Resources */,
				0A01F90D2A2C15A200082C6C /* Assets.xcassets in Resources */,
				0A01FA052A2C260000082C6C /* spain@3x.png in Resources */,
				0A01F90B2A2C15A000082C6C /* Main.storyboard in Resources */,
				0A01F9F92A2C260000082C6C /* ireland@3x.png in Resources */,
				0A01F9F52A2C260000082C6C /* france@3x.png in Resources */,
				0A01FA072A2C260000082C6C /* uk@3x.png in Resources */,
				0A01FA092A2C260000082C6C /* us@3x.png in Resources */,
				0A01F9FB2A2C260000082C6C /* italy@3x.png in Resources */,
			);
			runOnlyForDeploymentPostprocessing = 0;
		};
/* End PBXResourcesBuildPhase section */

/* Begin PBXSourcesBuildPhase section */
		0A01F8FC2A2C15A000082C6C /* Sources */ = {
			isa = PBXSourcesBuildPhase;
			buildActionMask = 2147483647;
			files = (
				0A01F9082A2C15A000082C6C /* ViewController.swift in Sources */,
				0A01F9042A2C15A000082C6C /* AppDelegate.swift in Sources */,
				0A01F9062A2C15A000082C6C /* SceneDelegate.swift in Sources */,
				0A01F9782A2C1D9E00082C6C /* DetailViewController.swift in Sources */,
			);
			runOnlyForDeploymentPostprocessing = 0;
		};
/* End PBXSourcesBuildPhase section */

/* Begin PBXVariantGroup section */
		0A01F9092A2C15A000082C6C /* Main.storyboard */ = {
			isa = PBXVariantGroup;
			children = (
				0A01F90A2A2C15A000082C6C /* Base */,
			);
			name = Main.storyboard;
			sourceTree = "<group>";
		};
		0A01F90E2A2C15A200082C6C /* LaunchScreen.storyboard */ = {
			isa = PBXVariantGroup;
			children = (
				0A01F90F2A2C15A200082C6C /* Base */,
			);
			name = LaunchScreen.storyboard;
			sourceTree = "<group>";
		};
/* End PBXVariantGroup section */

/* Begin XCBuildConfiguration section */
		0A01F9122A2C15A200082C6C /* Debug */ = {
			isa = XCBuildConfiguration;
			buildSettings = {
				ALWAYS_SEARCH_USER_PATHS = NO;
				CLANG_ANALYZER_NONNULL = YES;
				CLANG_ANALYZER_NUMBER_OBJECT_CONVERSION = YES_AGGRESSIVE;
				CLANG_CXX_LANGUAGE_STANDARD = "gnu++14";
				CLANG_CXX_LIBRARY = "libc++";
				CLANG_ENABLE_MODULES = YES;
				CLANG_ENABLE_OBJC_ARC = YES;
				CLANG_ENABLE_OBJC_WEAK = YES;
				CLANG_WARN_BLOCK_CAPTURE_AUTORELEASING = YES;
				CLANG_WARN_BOOL_CONVERSION = YES;
				CLANG_WARN_COMMA = YES;
				CLANG_WARN_CONSTANT_CONVERSION = YES;
				CLANG_WARN_DEPRECATED_OBJC_IMPLEMENTATIONS = YES;
				CLANG_WARN_DIRECT_OBJC_ISA_USAGE = YES_ERROR;
				CLANG_WARN_DOCUMENTATION_COMMENTS = YES;
				CLANG_WARN_EMPTY_BODY = YES;
				CLANG_WARN_ENUM_CONVERSION = YES;
				CLANG_WARN_INFINITE_RECURSION = YES;
				CLANG_WARN_INT_CONVERSION = YES;
				CLANG_WARN_NON_LITERAL_NULL_CONVERSION = YES;
				CLANG_WARN_OBJC_IMPLICIT_RETAIN_SELF = YES;
				CLANG_WARN_OBJC_LITERAL_CONVERSION = YES;
				CLANG_WARN_OBJC_ROOT_CLASS = YES_ERROR;
				CLANG_WARN_RANGE_LOOP_ANALYSIS = YES;
				CLANG_WARN_STRICT_PROTOTYPES = YES;
				CLANG_WARN_SUSPICIOUS_MOVE = YES;
				CLANG_WARN_UNGUARDED_AVAILABILITY = YES_AGGRESSIVE;
				CLANG_WARN_UNREACHABLE_CODE = YES;
				CLANG_WARN__DUPLICATE_METHOD_MATCH = YES;
				COPY_PHASE_STRIP = NO;
				DEBUG_INFORMATION_FORMAT = dwarf;
				ENABLE_STRICT_OBJC_MSGSEND = YES;
				ENABLE_TESTABILITY = YES;
				GCC_C_LANGUAGE_STANDARD = gnu11;
				GCC_DYNAMIC_NO_PIC = NO;
				GCC_NO_COMMON_BLOCKS = YES;
				GCC_OPTIMIZATION_LEVEL = 0;
				GCC_PREPROCESSOR_DEFINITIONS = (
					"DEBUG=1",
					"$(inherited)",
				);
				GCC_WARN_64_TO_32_BIT_CONVERSION = YES;
				GCC_WARN_ABOUT_RETURN_TYPE = YES_ERROR;
				GCC_WARN_UNDECLARED_SELECTOR = YES;
				GCC_WARN_UNINITIALIZED_AUTOS = YES_AGGRESSIVE;
				GCC_WARN_UNUSED_FUNCTION = YES;
				GCC_WARN_UNUSED_VARIABLE = YES;
				IPHONEOS_DEPLOYMENT_TARGET = 13.2;
				MTL_ENABLE_DEBUG_INFO = INCLUDE_SOURCE;
				MTL_FAST_MATH = YES;
				ONLY_ACTIVE_ARCH = YES;
				SDKROOT = iphoneos;
				SWIFT_ACTIVE_COMPILATION_CONDITIONS = DEBUG;
				SWIFT_OPTIMIZATION_LEVEL = "-Onone";
			};
			name = Debug;
		};
		0A01F9132A2C15A200082C6C /* Release */ = {
			isa = XCBuildConfiguration;
			buildSettings = {
				ALWAYS_SEARCH_USER_PATHS = NO;
				CLANG_ANALYZER_NONNULL = YES;
				CLANG_ANALYZER_NUMBER_OBJECT_CONVERSION = YES_AGGRESSIVE;
				CLANG_CXX_LANGUAGE_STANDARD = "gnu++14";
				CLANG_CXX_LIBRARY = "libc++";
				CLANG_ENABLE_MODULES = YES;
				CLANG_ENABLE_OBJC_ARC = YES;
				CLANG_ENABLE_OBJC_WEAK = YES;
				CLANG_WARN_BLOCK_CAPTURE_AUTORELEASING = YES;
				CLANG_WARN_BOOL_CONVERSION = YES;
				CLANG_WARN_COMMA = YES;
				CLANG_WARN_CONSTANT_CONVERSION = YES;
				CLANG_WARN_DEPRECATED_OBJC_IMPLEMENTATIONS = YES;
				CLANG_WARN_DIRECT_OBJC_ISA_USAGE = YES_ERROR;
				CLANG_WARN_DOCUMENTATION_COMMENTS = YES;
				CLANG_WARN_EMPTY_BODY = YES;
				CLANG_WARN_ENUM_CONVERSION = YES;
				CLANG_WARN_INFINITE_RECURSION = YES;
				CLANG_WARN_INT_CONVERSION = YES;
				CLANG_WARN_NON_LITERAL_NULL_CONVERSION = YES;
				CLANG_WARN_OBJC_IMPLICIT_RETAIN_SELF = YES;
				CLANG_WARN_OBJC_LITERAL_CONVERSION = YES;
				CLANG_WARN_OBJC_ROOT_CLASS = YES_ERROR;
				CLANG_WARN_RANGE_LOOP_ANALYSIS = YES;
				CLANG_WARN_STRICT_PROTOTYPES = YES;
				CLANG_WARN_SUSPICIOUS_MOVE = YES;
				CLANG_WARN_UNGUARDED_AVAILABILITY = YES_AGGRESSIVE;
				CLANG_WARN_UNREACHABLE_CODE = YES;
				CLANG_WARN__DUPLICATE_METHOD_MATCH = YES;
				COPY_PHASE_STRIP = NO;
				DEBUG_INFORMATION_FORMAT = "dwarf-with-dsym";
				ENABLE_NS_ASSERTIONS = NO;
				ENABLE_STRICT_OBJC_MSGSEND = YES;
				GCC_C_LANGUAGE_STANDARD = gnu11;
				GCC_NO_COMMON_BLOCKS = YES;
				GCC_WARN_64_TO_32_BIT_CONVERSION = YES;
				GCC_WARN_ABOUT_RETURN_TYPE = YES_ERROR;
				GCC_WARN_UNDECLARED_SELECTOR = YES;
				GCC_WARN_UNINITIALIZED_AUTOS = YES_AGGRESSIVE;
				GCC_WARN_UNUSED_FUNCTION = YES;
				GCC_WARN_UNUSED_VARIABLE = YES;
				IPHONEOS_DEPLOYMENT_TARGET = 13.2;
				MTL_ENABLE_DEBUG_INFO = NO;
				MTL_FAST_MATH = YES;
				SDKROOT = iphoneos;
				SWIFT_COMPILATION_MODE = wholemodule;
				SWIFT_OPTIMIZATION_LEVEL = "-O";
				VALIDATE_PRODUCT = YES;
			};
			name = Release;
		};
		0A01F9152A2C15A200082C6C /* Debug */ = {
			isa = XCBuildConfiguration;
			buildSettings = {
				ASSETCATALOG_COMPILER_APPICON_NAME = AppIcon;
				CODE_SIGN_STYLE = Automatic;
				INFOPLIST_FILE = challenge_1/Info.plist;
				LD_RUNPATH_SEARCH_PATHS = (
					"$(inherited)",
					"@executable_path/Frameworks",
				);
				PRODUCT_BUNDLE_IDENTIFIER = "-337.ma.challenge-1";
				PRODUCT_NAME = "$(TARGET_NAME)";
				SWIFT_VERSION = 5.0;
				TARGETED_DEVICE_FAMILY = "1,2";
			};
			name = Debug;
		};
		0A01F9162A2C15A200082C6C /* Release */ = {
			isa = XCBuildConfiguration;
			buildSettings = {
				ASSETCATALOG_COMPILER_APPICON_NAME = AppIcon;
				CODE_SIGN_STYLE = Automatic;
				INFOPLIST_FILE = challenge_1/Info.plist;
				LD_RUNPATH_SEARCH_PATHS = (
					"$(inherited)",
					"@executable_path/Frameworks",
				);
				PRODUCT_BUNDLE_IDENTIFIER = "-337.ma.challenge-1";
				PRODUCT_NAME = "$(TARGET_NAME)";
				SWIFT_VERSION = 5.0;
				TARGETED_DEVICE_FAMILY = "1,2";
			};
			name = Release;
		};
/* End XCBuildConfiguration section */

/* Begin XCConfigurationList section */
		0A01F8FB2A2C15A000082C6C /* Build configuration list for PBXProject "challenge_1" */ = {
			isa = XCConfigurationList;
			buildConfigurations = (
				0A01F9122A2C15A200082C6C /* Debug */,
				0A01F9132A2C15A200082C6C /* Release */,
			);
			defaultConfigurationIsVisible = 0;
			defaultConfigurationName = Release;
		};
		0A01F9142A2C15A200082C6C /* Build configuration list for PBXNativeTarget "challenge_1" */ = {
			isa = XCConfigurationList;
			buildConfigurations = (
				0A01F9152A2C15A200082C6C /* Debug */,
				0A01F9162A2C15A200082C6C /* Release */,
			);
			defaultConfigurationIsVisible = 0;
			defaultConfigurationName = Release;
		};
/* End XCConfigurationList section */
	};
	rootObject = 0A01F8F82A2C15A000082C6C /* Project object */;
}
